// !$*UTF8*$!
{
	archiveVersion = 1;
	classes = {
	};
	objectVersion = 46;
	objects = {

/* Begin PBXBuildFile section */
		53F1326E1F37627E0011CB4C /* autoflagging.user.js in Resources */ = {isa = PBXBuildFile; fileRef = 53F1326D1F37627E0011CB4C /* autoflagging.user.js */; };
		A519F9601F1D2DEC007D7897 /* ChatViewController.swift in Sources */ = {isa = PBXBuildFile; fileRef = A519F95F1F1D2DEC007D7897 /* ChatViewController.swift */; };
		AB3686891E886B9400206480 /* GasMaskTextAttachment.swift in Sources */ = {isa = PBXBuildFile; fileRef = AB3686881E886B9400206480 /* GasMaskTextAttachment.swift */; };
		AB36868B1E886BFE00206480 /* gas_mask.png in Resources */ = {isa = PBXBuildFile; fileRef = AB36868A1E886BFE00206480 /* gas_mask.png */; };
		AB6CBA6E1EA5C69900556714 /* ReportTableViewCell.swift in Sources */ = {isa = PBXBuildFile; fileRef = AB6CBA6D1EA5C69900556714 /* ReportTableViewCell.swift */; };
		AB8026B91E872E600042D757 /* DTCoreText.framework in Frameworks */ = {isa = PBXBuildFile; fileRef = AB8026B71E872E600042D757 /* DTCoreText.framework */; };
		AB8026BA1E872E600042D757 /* SwiftWebSocket.framework in Frameworks */ = {isa = PBXBuildFile; fileRef = AB8026B81E872E600042D757 /* SwiftWebSocket.framework */; };
		AB8026BC1E8730640042D757 /* DTFoundation.framework in Frameworks */ = {isa = PBXBuildFile; fileRef = AB8026BB1E8730640042D757 /* DTFoundation.framework */; };
		ABAB4D901E847D470032179F /* RootViewController.swift in Sources */ = {isa = PBXBuildFile; fileRef = ABAB4D8F1E847D470032179F /* RootViewController.swift */; };
		ABCDCEBF1E83047D00450E8D /* AppDelegate.swift in Sources */ = {isa = PBXBuildFile; fileRef = ABCDCEBE1E83047D00450E8D /* AppDelegate.swift */; };
		ABCDCEC11E83047D00450E8D /* MasterViewController.swift in Sources */ = {isa = PBXBuildFile; fileRef = ABCDCEC01E83047D00450E8D /* MasterViewController.swift */; };
		ABCDCEC31E83047D00450E8D /* DetailViewController.swift in Sources */ = {isa = PBXBuildFile; fileRef = ABCDCEC21E83047D00450E8D /* DetailViewController.swift */; };
		ABCDCEC81E83047D00450E8D /* Assets.xcassets in Resources */ = {isa = PBXBuildFile; fileRef = ABCDCEC71E83047D00450E8D /* Assets.xcassets */; };
		ABCDCECB1E83047D00450E8D /* LaunchScreen.storyboard in Resources */ = {isa = PBXBuildFile; fileRef = ABCDCEC91E83047D00450E8D /* LaunchScreen.storyboard */; };
		ABCDCED61E83047D00450E8D /* READiTests.swift in Sources */ = {isa = PBXBuildFile; fileRef = ABCDCED51E83047D00450E8D /* READiTests.swift */; };
		ABCDCEE11E83047D00450E8D /* READiUITests.swift in Sources */ = {isa = PBXBuildFile; fileRef = ABCDCEE01E83047D00450E8D /* READiUITests.swift */; };
		ABCDCEF01E83049C00450E8D /* Client.swift in Sources */ = {isa = PBXBuildFile; fileRef = ABCDCEEE1E83049C00450E8D /* Client.swift */; };
		ABCDCEF31E8304A700450E8D /* Main.storyboard in Resources */ = {isa = PBXBuildFile; fileRef = ABCDCEF21E8304A700450E8D /* Main.storyboard */; };
		ABCDCEF51E83052A00450E8D /* NSStringHTMLDecoding.swift in Sources */ = {isa = PBXBuildFile; fileRef = ABCDCEF41E83052A00450E8D /* NSStringHTMLDecoding.swift */; };
		ABCDCEF71E83064000450E8D /* Report.swift in Sources */ = {isa = PBXBuildFile; fileRef = ABCDCEF61E83064000450E8D /* Report.swift */; };
		ABF25A781E83148300E2105E /* LoadingTableViewCell.swift in Sources */ = {isa = PBXBuildFile; fileRef = ABF25A771E83148300E2105E /* LoadingTableViewCell.swift */; };
/* End PBXBuildFile section */

/* Begin PBXContainerItemProxy section */
		ABCDCED21E83047D00450E8D /* PBXContainerItemProxy */ = {
			isa = PBXContainerItemProxy;
			containerPortal = ABCDCEB31E83047D00450E8D /* Project object */;
			proxyType = 1;
			remoteGlobalIDString = ABCDCEBA1E83047D00450E8D;
			remoteInfo = READi;
		};
		ABCDCEDD1E83047D00450E8D /* PBXContainerItemProxy */ = {
			isa = PBXContainerItemProxy;
			containerPortal = ABCDCEB31E83047D00450E8D /* Project object */;
			proxyType = 1;
			remoteGlobalIDString = ABCDCEBA1E83047D00450E8D;
			remoteInfo = READi;
		};
/* End PBXContainerItemProxy section */

/* Begin PBXFileReference section */
		53F1326D1F37627E0011CB4C /* autoflagging.user.js */ = {isa = PBXFileReference; fileEncoding = 4; lastKnownFileType = sourcecode.javascript; path = autoflagging.user.js; sourceTree = "<group>"; };
		A519F95F1F1D2DEC007D7897 /* ChatViewController.swift */ = {isa = PBXFileReference; fileEncoding = 4; lastKnownFileType = sourcecode.swift; path = ChatViewController.swift; sourceTree = "<group>"; };
		AB3686881E886B9400206480 /* GasMaskTextAttachment.swift */ = {isa = PBXFileReference; fileEncoding = 4; lastKnownFileType = sourcecode.swift; path = GasMaskTextAttachment.swift; sourceTree = "<group>"; };
		AB36868A1E886BFE00206480 /* gas_mask.png */ = {isa = PBXFileReference; lastKnownFileType = image.png; path = gas_mask.png; sourceTree = "<group>"; };
		AB6CBA6D1EA5C69900556714 /* ReportTableViewCell.swift */ = {isa = PBXFileReference; fileEncoding = 4; lastKnownFileType = sourcecode.swift; path = ReportTableViewCell.swift; sourceTree = "<group>"; };
		AB8026B71E872E600042D757 /* DTCoreText.framework */ = {isa = PBXFileReference; lastKnownFileType = wrapper.framework; name = DTCoreText.framework; path = Carthage/Build/iOS/DTCoreText.framework; sourceTree = "<group>"; };
		AB8026B81E872E600042D757 /* SwiftWebSocket.framework */ = {isa = PBXFileReference; lastKnownFileType = wrapper.framework; name = SwiftWebSocket.framework; path = Carthage/Build/iOS/SwiftWebSocket.framework; sourceTree = "<group>"; };
		AB8026BB1E8730640042D757 /* DTFoundation.framework */ = {isa = PBXFileReference; lastKnownFileType = wrapper.framework; name = DTFoundation.framework; path = Carthage/Build/iOS/DTFoundation.framework; sourceTree = "<group>"; };
		ABAB4D8F1E847D470032179F /* RootViewController.swift */ = {isa = PBXFileReference; fileEncoding = 4; lastKnownFileType = sourcecode.swift; path = RootViewController.swift; sourceTree = "<group>"; };
		ABCDCEBB1E83047D00450E8D /* READi.app */ = {isa = PBXFileReference; explicitFileType = wrapper.application; includeInIndex = 0; path = READi.app; sourceTree = BUILT_PRODUCTS_DIR; };
		ABCDCEBE1E83047D00450E8D /* AppDelegate.swift */ = {isa = PBXFileReference; lastKnownFileType = sourcecode.swift; path = AppDelegate.swift; sourceTree = "<group>"; };
		ABCDCEC01E83047D00450E8D /* MasterViewController.swift */ = {isa = PBXFileReference; lastKnownFileType = sourcecode.swift; path = MasterViewController.swift; sourceTree = "<group>"; };
		ABCDCEC21E83047D00450E8D /* DetailViewController.swift */ = {isa = PBXFileReference; lastKnownFileType = sourcecode.swift; path = DetailViewController.swift; sourceTree = "<group>"; };
		ABCDCEC71E83047D00450E8D /* Assets.xcassets */ = {isa = PBXFileReference; lastKnownFileType = folder.assetcatalog; path = Assets.xcassets; sourceTree = "<group>"; };
		ABCDCECA1E83047D00450E8D /* Base */ = {isa = PBXFileReference; lastKnownFileType = file.storyboard; name = Base; path = Base.lproj/LaunchScreen.storyboard; sourceTree = "<group>"; };
		ABCDCECC1E83047D00450E8D /* Info.plist */ = {isa = PBXFileReference; lastKnownFileType = text.plist.xml; path = Info.plist; sourceTree = "<group>"; };
		ABCDCED11E83047D00450E8D /* READiTests.xctest */ = {isa = PBXFileReference; explicitFileType = wrapper.cfbundle; includeInIndex = 0; path = READiTests.xctest; sourceTree = BUILT_PRODUCTS_DIR; };
		ABCDCED51E83047D00450E8D /* READiTests.swift */ = {isa = PBXFileReference; lastKnownFileType = sourcecode.swift; path = READiTests.swift; sourceTree = "<group>"; };
		ABCDCED71E83047D00450E8D /* Info.plist */ = {isa = PBXFileReference; lastKnownFileType = text.plist.xml; path = Info.plist; sourceTree = "<group>"; };
		ABCDCEDC1E83047D00450E8D /* READiUITests.xctest */ = {isa = PBXFileReference; explicitFileType = wrapper.cfbundle; includeInIndex = 0; path = READiUITests.xctest; sourceTree = BUILT_PRODUCTS_DIR; };
		ABCDCEE01E83047D00450E8D /* READiUITests.swift */ = {isa = PBXFileReference; lastKnownFileType = sourcecode.swift; path = READiUITests.swift; sourceTree = "<group>"; };
		ABCDCEE21E83047E00450E8D /* Info.plist */ = {isa = PBXFileReference; lastKnownFileType = text.plist.xml; path = Info.plist; sourceTree = "<group>"; };
		ABCDCEEE1E83049C00450E8D /* Client.swift */ = {isa = PBXFileReference; fileEncoding = 4; lastKnownFileType = sourcecode.swift; path = Client.swift; sourceTree = "<group>"; };
		ABCDCEF21E8304A700450E8D /* Main.storyboard */ = {isa = PBXFileReference; fileEncoding = 4; lastKnownFileType = file.storyboard; path = Main.storyboard; sourceTree = "<group>"; };
		ABCDCEF41E83052A00450E8D /* NSStringHTMLDecoding.swift */ = {isa = PBXFileReference; fileEncoding = 4; lastKnownFileType = sourcecode.swift; path = NSStringHTMLDecoding.swift; sourceTree = "<group>"; };
		ABCDCEF61E83064000450E8D /* Report.swift */ = {isa = PBXFileReference; fileEncoding = 4; lastKnownFileType = sourcecode.swift; path = Report.swift; sourceTree = "<group>"; };
		ABF25A771E83148300E2105E /* LoadingTableViewCell.swift */ = {isa = PBXFileReference; fileEncoding = 4; lastKnownFileType = sourcecode.swift; path = LoadingTableViewCell.swift; sourceTree = "<group>"; };
/* End PBXFileReference section */

/* Begin PBXFrameworksBuildPhase section */
		ABCDCEB81E83047D00450E8D /* Frameworks */ = {
			isa = PBXFrameworksBuildPhase;
			buildActionMask = 2147483647;
			files = (
				AB8026BA1E872E600042D757 /* SwiftWebSocket.framework in Frameworks */,
				AB8026B91E872E600042D757 /* DTCoreText.framework in Frameworks */,
				AB8026BC1E8730640042D757 /* DTFoundation.framework in Frameworks */,
			);
			runOnlyForDeploymentPostprocessing = 0;
		};
		ABCDCECE1E83047D00450E8D /* Frameworks */ = {
			isa = PBXFrameworksBuildPhase;
			buildActionMask = 2147483647;
			files = (
			);
			runOnlyForDeploymentPostprocessing = 0;
		};
		ABCDCED91E83047D00450E8D /* Frameworks */ = {
			isa = PBXFrameworksBuildPhase;
			buildActionMask = 2147483647;
			files = (
			);
			runOnlyForDeploymentPostprocessing = 0;
		};
/* End PBXFrameworksBuildPhase section */

/* Begin PBXGroup section */
		53F1326C1F3762400011CB4C /* Chat */ = {
			isa = PBXGroup;
			children = (
				53F1326D1F37627E0011CB4C /* autoflagging.user.js */,
				A519F95F1F1D2DEC007D7897 /* ChatViewController.swift */,
			);
			name = Chat;
			sourceTree = "<group>";
		};
		AB8026741E8704800042D757 /* Frameworks */ = {
			isa = PBXGroup;
			children = (
				AB8026B71E872E600042D757 /* DTCoreText.framework */,
				AB8026BB1E8730640042D757 /* DTFoundation.framework */,
				AB8026B81E872E600042D757 /* SwiftWebSocket.framework */,
			);
			name = Frameworks;
			sourceTree = "<group>";
		};
		ABCDCEB21E83047D00450E8D = {
			isa = PBXGroup;
			children = (
				ABCDCEBD1E83047D00450E8D /* READi */,
				ABCDCED41E83047D00450E8D /* READiTests */,
				ABCDCEDF1E83047D00450E8D /* READiUITests */,
				ABCDCEBC1E83047D00450E8D /* Products */,
				AB8026741E8704800042D757 /* Frameworks */,
			);
			sourceTree = "<group>";
		};
		ABCDCEBC1E83047D00450E8D /* Products */ = {
			isa = PBXGroup;
			children = (
				ABCDCEBB1E83047D00450E8D /* READi.app */,
				ABCDCED11E83047D00450E8D /* READiTests.xctest */,
				ABCDCEDC1E83047D00450E8D /* READiUITests.xctest */,
			);
			name = Products;
			sourceTree = "<group>";
		};
		ABCDCEBD1E83047D00450E8D /* READi */ = {
			isa = PBXGroup;
			children = (
				53F1326C1F3762400011CB4C /* Chat */,
				ABCDCEBE1E83047D00450E8D /* AppDelegate.swift */,
				ABCDCEEE1E83049C00450E8D /* Client.swift */,
				ABCDCEC21E83047D00450E8D /* DetailViewController.swift */,
				AB3686881E886B9400206480 /* GasMaskTextAttachment.swift */,
				ABF25A771E83148300E2105E /* LoadingTableViewCell.swift */,
				ABCDCEC01E83047D00450E8D /* MasterViewController.swift */,
				ABCDCEF41E83052A00450E8D /* NSStringHTMLDecoding.swift */,
				ABCDCEF61E83064000450E8D /* Report.swift */,
				AB6CBA6D1EA5C69900556714 /* ReportTableViewCell.swift */,
				ABAB4D8F1E847D470032179F /* RootViewController.swift */,
				ABCDCEC71E83047D00450E8D /* Assets.xcassets */,
				ABCDCEC91E83047D00450E8D /* LaunchScreen.storyboard */,
				ABCDCEF21E8304A700450E8D /* Main.storyboard */,
				ABCDCECC1E83047D00450E8D /* Info.plist */,
				AB36868A1E886BFE00206480 /* gas_mask.png */,
			);
			path = READi;
			sourceTree = "<group>";
		};
		ABCDCED41E83047D00450E8D /* READiTests */ = {
			isa = PBXGroup;
			children = (
				ABCDCED51E83047D00450E8D /* READiTests.swift */,
				ABCDCED71E83047D00450E8D /* Info.plist */,
			);
			path = READiTests;
			sourceTree = "<group>";
		};
		ABCDCEDF1E83047D00450E8D /* READiUITests */ = {
			isa = PBXGroup;
			children = (
				ABCDCEE01E83047D00450E8D /* READiUITests.swift */,
				ABCDCEE21E83047E00450E8D /* Info.plist */,
			);
			path = READiUITests;
			sourceTree = "<group>";
		};
/* End PBXGroup section */

/* Begin PBXNativeTarget section */
		ABCDCEBA1E83047D00450E8D /* READi */ = {
			isa = PBXNativeTarget;
			buildConfigurationList = ABCDCEE51E83047E00450E8D /* Build configuration list for PBXNativeTarget "READi" */;
			buildPhases = (
				ABCDCEB71E83047D00450E8D /* Sources */,
				ABCDCEB81E83047D00450E8D /* Frameworks */,
				ABCDCEB91E83047D00450E8D /* Resources */,
				AB8026BD1E8731940042D757 /* ShellScript */,
			);
			buildRules = (
			);
			dependencies = (
			);
			name = READi;
			productName = READi;
			productReference = ABCDCEBB1E83047D00450E8D /* READi.app */;
			productType = "com.apple.product-type.application";
		};
		ABCDCED01E83047D00450E8D /* READiTests */ = {
			isa = PBXNativeTarget;
			buildConfigurationList = ABCDCEE81E83047E00450E8D /* Build configuration list for PBXNativeTarget "READiTests" */;
			buildPhases = (
				ABCDCECD1E83047D00450E8D /* Sources */,
				ABCDCECE1E83047D00450E8D /* Frameworks */,
				ABCDCECF1E83047D00450E8D /* Resources */,
			);
			buildRules = (
			);
			dependencies = (
				ABCDCED31E83047D00450E8D /* PBXTargetDependency */,
			);
			name = READiTests;
			productName = READiTests;
			productReference = ABCDCED11E83047D00450E8D /* READiTests.xctest */;
			productType = "com.apple.product-type.bundle.unit-test";
		};
		ABCDCEDB1E83047D00450E8D /* READiUITests */ = {
			isa = PBXNativeTarget;
			buildConfigurationList = ABCDCEEB1E83047E00450E8D /* Build configuration list for PBXNativeTarget "READiUITests" */;
			buildPhases = (
				ABCDCED81E83047D00450E8D /* Sources */,
				ABCDCED91E83047D00450E8D /* Frameworks */,
				ABCDCEDA1E83047D00450E8D /* Resources */,
			);
			buildRules = (
			);
			dependencies = (
				ABCDCEDE1E83047D00450E8D /* PBXTargetDependency */,
			);
			name = READiUITests;
			productName = READiUITests;
			productReference = ABCDCEDC1E83047D00450E8D /* READiUITests.xctest */;
			productType = "com.apple.product-type.bundle.ui-testing";
		};
/* End PBXNativeTarget section */

/* Begin PBXProject section */
		ABCDCEB31E83047D00450E8D /* Project object */ = {
			isa = PBXProject;
			attributes = {
				LastSwiftUpdateCheck = 0820;
				LastUpgradeCheck = 0820;
				ORGANIZATIONNAME = "Jonathan Keller";
				TargetAttributes = {
					ABCDCEBA1E83047D00450E8D = {
						CreatedOnToolsVersion = 8.2.1;
						DevelopmentTeam = 75BNT2TPX4;
						ProvisioningStyle = Automatic;
					};
					ABCDCED01E83047D00450E8D = {
						CreatedOnToolsVersion = 8.2.1;
						DevelopmentTeam = 75BNT2TPX4;
						ProvisioningStyle = Automatic;
						TestTargetID = ABCDCEBA1E83047D00450E8D;
					};
					ABCDCEDB1E83047D00450E8D = {
						CreatedOnToolsVersion = 8.2.1;
						DevelopmentTeam = 75BNT2TPX4;
						ProvisioningStyle = Automatic;
						TestTargetID = ABCDCEBA1E83047D00450E8D;
					};
				};
			};
			buildConfigurationList = ABCDCEB61E83047D00450E8D /* Build configuration list for PBXProject "READi" */;
			compatibilityVersion = "Xcode 3.2";
			developmentRegion = English;
			hasScannedForEncodings = 0;
			knownRegions = (
				en,
				Base,
			);
			mainGroup = ABCDCEB21E83047D00450E8D;
			productRefGroup = ABCDCEBC1E83047D00450E8D /* Products */;
			projectDirPath = "";
			projectRoot = "";
			targets = (
				ABCDCEBA1E83047D00450E8D /* READi */,
				ABCDCED01E83047D00450E8D /* READiTests */,
				ABCDCEDB1E83047D00450E8D /* READiUITests */,
			);
		};
/* End PBXProject section */

/* Begin PBXResourcesBuildPhase section */
		ABCDCEB91E83047D00450E8D /* Resources */ = {
			isa = PBXResourcesBuildPhase;
			buildActionMask = 2147483647;
			files = (
				ABCDCECB1E83047D00450E8D /* LaunchScreen.storyboard in Resources */,
				53F1326E1F37627E0011CB4C /* autoflagging.user.js in Resources */,
				AB36868B1E886BFE00206480 /* gas_mask.png in Resources */,
				ABCDCEC81E83047D00450E8D /* Assets.xcassets in Resources */,
				ABCDCEF31E8304A700450E8D /* Main.storyboard in Resources */,
			);
			runOnlyForDeploymentPostprocessing = 0;
		};
		ABCDCECF1E83047D00450E8D /* Resources */ = {
			isa = PBXResourcesBuildPhase;
			buildActionMask = 2147483647;
			files = (
			);
			runOnlyForDeploymentPostprocessing = 0;
		};
		ABCDCEDA1E83047D00450E8D /* Resources */ = {
			isa = PBXResourcesBuildPhase;
			buildActionMask = 2147483647;
			files = (
			);
			runOnlyForDeploymentPostprocessing = 0;
		};
/* End PBXResourcesBuildPhase section */

/* Begin PBXShellScriptBuildPhase section */
		AB8026BD1E8731940042D757 /* ShellScript */ = {
			isa = PBXShellScriptBuildPhase;
			buildActionMask = 2147483647;
			files = (
			);
			inputPaths = (
				"$(SRCROOT)/Carthage/Build/iOS/DTCoreText.framework",
				"$(SRCROOT)/Carthage/Build/iOS/DTFoundation.framework",
				"$(SRCROOT)/Carthage/Build/iOS/SwiftWebSocket.framework",
			);
			outputPaths = (
			);
			runOnlyForDeploymentPostprocessing = 0;
			shellPath = /bin/sh;
			shellScript = "/usr/local/bin/carthage copy-frameworks";
		};
/* End PBXShellScriptBuildPhase section */

/* Begin PBXSourcesBuildPhase section */
		ABCDCEB71E83047D00450E8D /* Sources */ = {
			isa = PBXSourcesBuildPhase;
			buildActionMask = 2147483647;
			files = (
				ABAB4D901E847D470032179F /* RootViewController.swift in Sources */,
				ABCDCEC31E83047D00450E8D /* DetailViewController.swift in Sources */,
				A519F9601F1D2DEC007D7897 /* ChatViewController.swift in Sources */,
				ABCDCEC11E83047D00450E8D /* MasterViewController.swift in Sources */,
				ABCDCEF01E83049C00450E8D /* Client.swift in Sources */,
				ABCDCEBF1E83047D00450E8D /* AppDelegate.swift in Sources */,
				ABCDCEF71E83064000450E8D /* Report.swift in Sources */,
				AB3686891E886B9400206480 /* GasMaskTextAttachment.swift in Sources */,
				ABF25A781E83148300E2105E /* LoadingTableViewCell.swift in Sources */,
				AB6CBA6E1EA5C69900556714 /* ReportTableViewCell.swift in Sources */,
				ABCDCEF51E83052A00450E8D /* NSStringHTMLDecoding.swift in Sources */,
			);
			runOnlyForDeploymentPostprocessing = 0;
		};
		ABCDCECD1E83047D00450E8D /* Sources */ = {
			isa = PBXSourcesBuildPhase;
			buildActionMask = 2147483647;
			files = (
				ABCDCED61E83047D00450E8D /* READiTests.swift in Sources */,
			);
			runOnlyForDeploymentPostprocessing = 0;
		};
		ABCDCED81E83047D00450E8D /* Sources */ = {
			isa = PBXSourcesBuildPhase;
			buildActionMask = 2147483647;
			files = (
				ABCDCEE11E83047D00450E8D /* READiUITests.swift in Sources */,
			);
			runOnlyForDeploymentPostprocessing = 0;
		};
/* End PBXSourcesBuildPhase section */

/* Begin PBXTargetDependency section */
		ABCDCED31E83047D00450E8D /* PBXTargetDependency */ = {
			isa = PBXTargetDependency;
			target = ABCDCEBA1E83047D00450E8D /* READi */;
			targetProxy = ABCDCED21E83047D00450E8D /* PBXContainerItemProxy */;
		};
		ABCDCEDE1E83047D00450E8D /* PBXTargetDependency */ = {
			isa = PBXTargetDependency;
			target = ABCDCEBA1E83047D00450E8D /* READi */;
			targetProxy = ABCDCEDD1E83047D00450E8D /* PBXContainerItemProxy */;
		};
/* End PBXTargetDependency section */

/* Begin PBXVariantGroup section */
		ABCDCEC91E83047D00450E8D /* LaunchScreen.storyboard */ = {
			isa = PBXVariantGroup;
			children = (
				ABCDCECA1E83047D00450E8D /* Base */,
			);
			name = LaunchScreen.storyboard;
			sourceTree = "<group>";
		};
/* End PBXVariantGroup section */

/* Begin XCBuildConfiguration section */
		ABCDCEE31E83047E00450E8D /* Debug */ = {
			isa = XCBuildConfiguration;
			buildSettings = {
				ALWAYS_SEARCH_USER_PATHS = NO;
				CLANG_ANALYZER_NONNULL = YES;
				CLANG_CXX_LANGUAGE_STANDARD = "gnu++0x";
				CLANG_CXX_LIBRARY = "libc++";
				CLANG_ENABLE_MODULES = YES;
				CLANG_ENABLE_OBJC_ARC = YES;
				CLANG_WARN_BOOL_CONVERSION = YES;
				CLANG_WARN_CONSTANT_CONVERSION = YES;
				CLANG_WARN_DIRECT_OBJC_ISA_USAGE = YES_ERROR;
				CLANG_WARN_DOCUMENTATION_COMMENTS = YES;
				CLANG_WARN_EMPTY_BODY = YES;
				CLANG_WARN_ENUM_CONVERSION = YES;
				CLANG_WARN_INFINITE_RECURSION = YES;
				CLANG_WARN_INT_CONVERSION = YES;
				CLANG_WARN_OBJC_ROOT_CLASS = YES_ERROR;
				CLANG_WARN_SUSPICIOUS_MOVE = YES;
				CLANG_WARN_UNREACHABLE_CODE = YES;
				CLANG_WARN__DUPLICATE_METHOD_MATCH = YES;
				"CODE_SIGN_IDENTITY[sdk=iphoneos*]" = "iPhone Developer";
				COPY_PHASE_STRIP = NO;
				DEBUG_INFORMATION_FORMAT = dwarf;
				ENABLE_STRICT_OBJC_MSGSEND = YES;
				ENABLE_TESTABILITY = YES;
				GCC_C_LANGUAGE_STANDARD = gnu99;
				GCC_DYNAMIC_NO_PIC = NO;
				GCC_NO_COMMON_BLOCKS = YES;
				GCC_OPTIMIZATION_LEVEL = 0;
				GCC_PREPROCESSOR_DEFINITIONS = (
					"DEBUG=1",
					"$(inherited)",
				);
				GCC_WARN_64_TO_32_BIT_CONVERSION = YES;
				GCC_WARN_ABOUT_RETURN_TYPE = YES_ERROR;
				GCC_WARN_UNDECLARED_SELECTOR = YES;
				GCC_WARN_UNINITIALIZED_AUTOS = YES_AGGRESSIVE;
				GCC_WARN_UNUSED_FUNCTION = YES;
				GCC_WARN_UNUSED_VARIABLE = YES;
				IPHONEOS_DEPLOYMENT_TARGET = 10.2;
				MTL_ENABLE_DEBUG_INFO = YES;
				ONLY_ACTIVE_ARCH = YES;
				SDKROOT = iphoneos;
				SWIFT_ACTIVE_COMPILATION_CONDITIONS = DEBUG;
				SWIFT_OPTIMIZATION_LEVEL = "-Onone";
				TARGETED_DEVICE_FAMILY = "1,2";
			};
			name = Debug;
		};
		ABCDCEE41E83047E00450E8D /* Release */ = {
			isa = XCBuildConfiguration;
			buildSettings = {
				ALWAYS_SEARCH_USER_PATHS = NO;
				CLANG_ANALYZER_NONNULL = YES;
				CLANG_CXX_LANGUAGE_STANDARD = "gnu++0x";
				CLANG_CXX_LIBRARY = "libc++";
				CLANG_ENABLE_MODULES = YES;
				CLANG_ENABLE_OBJC_ARC = YES;
				CLANG_WARN_BOOL_CONVERSION = YES;
				CLANG_WARN_CONSTANT_CONVERSION = YES;
				CLANG_WARN_DIRECT_OBJC_ISA_USAGE = YES_ERROR;
				CLANG_WARN_DOCUMENTATION_COMMENTS = YES;
				CLANG_WARN_EMPTY_BODY = YES;
				CLANG_WARN_ENUM_CONVERSION = YES;
				CLANG_WARN_INFINITE_RECURSION = YES;
				CLANG_WARN_INT_CONVERSION = YES;
				CLANG_WARN_OBJC_ROOT_CLASS = YES_ERROR;
				CLANG_WARN_SUSPICIOUS_MOVE = YES;
				CLANG_WARN_UNREACHABLE_CODE = YES;
				CLANG_WARN__DUPLICATE_METHOD_MATCH = YES;
				"CODE_SIGN_IDENTITY[sdk=iphoneos*]" = "iPhone Developer";
				COPY_PHASE_STRIP = NO;
				DEBUG_INFORMATION_FORMAT = "dwarf-with-dsym";
				ENABLE_NS_ASSERTIONS = NO;
				ENABLE_STRICT_OBJC_MSGSEND = YES;
				GCC_C_LANGUAGE_STANDARD = gnu99;
				GCC_NO_COMMON_BLOCKS = YES;
				GCC_WARN_64_TO_32_BIT_CONVERSION = YES;
				GCC_WARN_ABOUT_RETURN_TYPE = YES_ERROR;
				GCC_WARN_UNDECLARED_SELECTOR = YES;
				GCC_WARN_UNINITIALIZED_AUTOS = YES_AGGRESSIVE;
				GCC_WARN_UNUSED_FUNCTION = YES;
				GCC_WARN_UNUSED_VARIABLE = YES;
				IPHONEOS_DEPLOYMENT_TARGET = 10.2;
				MTL_ENABLE_DEBUG_INFO = NO;
				SDKROOT = iphoneos;
				SWIFT_OPTIMIZATION_LEVEL = "-Owholemodule";
				TARGETED_DEVICE_FAMILY = "1,2";
				VALIDATE_PRODUCT = YES;
			};
			name = Release;
		};
		ABCDCEE61E83047E00450E8D /* Debug */ = {
			isa = XCBuildConfiguration;
			buildSettings = {
				ASSETCATALOG_COMPILER_APPICON_NAME = AppIcon;
				DEVELOPMENT_TEAM = 75BNT2TPX4;
				FRAMEWORK_SEARCH_PATHS = (
					"$(inherited)",
					"$(PROJECT_DIR)/Carthage/Build/iOS",
				);
				INFOPLIST_FILE = READi/Info.plist;
				IPHONEOS_DEPLOYMENT_TARGET = 10.3;
				LD_RUNPATH_SEARCH_PATHS = "$(inherited) @executable_path/Frameworks";
				PRODUCT_BUNDLE_IDENTIFIER = com.nobodynada.READi;
				PRODUCT_NAME = "$(TARGET_NAME)";
				PROVISIONING_PROFILE = "6b8bb154-8b0d-4115-8f2f-9cb18d0b9328";
				PROVISIONING_PROFILE_SPECIFIER = "XC iOS: *";
				SWIFT_VERSION = 3.0;
			};
			name = Debug;
		};
		ABCDCEE71E83047E00450E8D /* Release */ = {
			isa = XCBuildConfiguration;
			buildSettings = {
				ASSETCATALOG_COMPILER_APPICON_NAME = AppIcon;
				DEVELOPMENT_TEAM = 75BNT2TPX4;
				FRAMEWORK_SEARCH_PATHS = (
					"$(inherited)",
					"$(PROJECT_DIR)/Carthage/Build/iOS",
				);
				INFOPLIST_FILE = READi/Info.plist;
				IPHONEOS_DEPLOYMENT_TARGET = 10.3;
				LD_RUNPATH_SEARCH_PATHS = "$(inherited) @executable_path/Frameworks";
				PRODUCT_BUNDLE_IDENTIFIER = com.nobodynada.READi;
				PRODUCT_NAME = "$(TARGET_NAME)";
				PROVISIONING_PROFILE = "6b8bb154-8b0d-4115-8f2f-9cb18d0b9328";
				PROVISIONING_PROFILE_SPECIFIER = "XC iOS: *";
				SWIFT_VERSION = 3.0;
			};
			name = Release;
		};
		ABCDCEE91E83047E00450E8D /* Debug */ = {
			isa = XCBuildConfiguration;
			buildSettings = {
				ALWAYS_EMBED_SWIFT_STANDARD_LIBRARIES = YES;
				BUNDLE_LOADER = "$(TEST_HOST)";
				DEVELOPMENT_TEAM = 75BNT2TPX4;
				INFOPLIST_FILE = READiTests/Info.plist;
				LD_RUNPATH_SEARCH_PATHS = "$(inherited) @executable_path/Frameworks @loader_path/Frameworks";
				PRODUCT_BUNDLE_IDENTIFIER = com.nobodynada.READiTests;
				PRODUCT_NAME = "$(TARGET_NAME)";
				SWIFT_VERSION = 3.0;
				TEST_HOST = "$(BUILT_PRODUCTS_DIR)/READi.app/READi";
			};
			name = Debug;
		};
		ABCDCEEA1E83047E00450E8D /* Release */ = {
			isa = XCBuildConfiguration;
			buildSettings = {
				ALWAYS_EMBED_SWIFT_STANDARD_LIBRARIES = YES;
				BUNDLE_LOADER = "$(TEST_HOST)";
				DEVELOPMENT_TEAM = 75BNT2TPX4;
				INFOPLIST_FILE = READiTests/Info.plist;
				LD_RUNPATH_SEARCH_PATHS = "$(inherited) @executable_path/Frameworks @loader_path/Frameworks";
				PRODUCT_BUNDLE_IDENTIFIER = com.nobodynada.READiTests;
				PRODUCT_NAME = "$(TARGET_NAME)";
				SWIFT_VERSION = 3.0;
				TEST_HOST = "$(BUILT_PRODUCTS_DIR)/READi.app/READi";
			};
			name = Release;
		};
		ABCDCEEC1E83047E00450E8D /* Debug */ = {
			isa = XCBuildConfiguration;
			buildSettings = {
				ALWAYS_EMBED_SWIFT_STANDARD_LIBRARIES = YES;
				DEVELOPMENT_TEAM = 75BNT2TPX4;
				INFOPLIST_FILE = READiUITests/Info.plist;
				LD_RUNPATH_SEARCH_PATHS = "$(inherited) @executable_path/Frameworks @loader_path/Frameworks";
				PRODUCT_BUNDLE_IDENTIFIER = com.nobodynada.READiUITests;
				PRODUCT_NAME = "$(TARGET_NAME)";
				SWIFT_VERSION = 3.0;
				TEST_TARGET_NAME = READi;
			};
			name = Debug;
		};
		ABCDCEED1E83047E00450E8D /* Release */ = {
			isa = XCBuildConfiguration;
			buildSettings = {
				ALWAYS_EMBED_SWIFT_STANDARD_LIBRARIES = YES;
				DEVELOPMENT_TEAM = 75BNT2TPX4;
				INFOPLIST_FILE = READiUITests/Info.plist;
				LD_RUNPATH_SEARCH_PATHS = "$(inherited) @executable_path/Frameworks @loader_path/Frameworks";
				PRODUCT_BUNDLE_IDENTIFIER = com.nobodynada.READiUITests;
				PRODUCT_NAME = "$(TARGET_NAME)";
				SWIFT_VERSION = 3.0;
				TEST_TARGET_NAME = READi;
			};
			name = Release;
		};
/* End XCBuildConfiguration section */

/* Begin XCConfigurationList section */
		ABCDCEB61E83047D00450E8D /* Build configuration list for PBXProject "READi" */ = {
			isa = XCConfigurationList;
			buildConfigurations = (
				ABCDCEE31E83047E00450E8D /* Debug */,
				ABCDCEE41E83047E00450E8D /* Release */,
			);
			defaultConfigurationIsVisible = 0;
			defaultConfigurationName = Release;
		};
		ABCDCEE51E83047E00450E8D /* Build configuration list for PBXNativeTarget "READi" */ = {
			isa = XCConfigurationList;
			buildConfigurations = (
				ABCDCEE61E83047E00450E8D /* Debug */,
				ABCDCEE71E83047E00450E8D /* Release */,
			);
			defaultConfigurationIsVisible = 0;
			defaultConfigurationName = Release;
		};
		ABCDCEE81E83047E00450E8D /* Build configuration list for PBXNativeTarget "READiTests" */ = {
			isa = XCConfigurationList;
			buildConfigurations = (
				ABCDCEE91E83047E00450E8D /* Debug */,
				ABCDCEEA1E83047E00450E8D /* Release */,
			);
			defaultConfigurationIsVisible = 0;
			defaultConfigurationName = Release;
		};
		ABCDCEEB1E83047E00450E8D /* Build configuration list for PBXNativeTarget "READiUITests" */ = {
			isa = XCConfigurationList;
			buildConfigurations = (
				ABCDCEEC1E83047E00450E8D /* Debug */,
				ABCDCEED1E83047E00450E8D /* Release */,
			);
			defaultConfigurationIsVisible = 0;
			defaultConfigurationName = Release;
		};
/* End XCConfigurationList section */
	};
	rootObject = ABCDCEB31E83047D00450E8D /* Project object */;
}
